
Microsoft Visual Studio Solution File, Format Version 12.00
# Visual Studio Version 17
VisualStudioVersion = 17.5.2.0
MinimumVisualStudioVersion = 10.0.40219.1
Project("{2150E333-8FDC-42A3-9474-1A3956D46DE8}") = "src", "src", "{827E0CD3-B72D-47B6-A68D-7590B98EB39B}"
EndProject
Project("{FAE04EC0-301F-11D3-BF4B-00C04F79EFBC}") = "EtsyAiGenerator.Api", "src\EtsyAiGenerator.Api\EtsyAiGenerator.Api.csproj", "{5439BFB8-6D78-F794-BF19-17451FC7D14B}"
EndProject
Project("{FAE04EC0-301F-11D3-BF4B-00C04F79EFBC}") = "EtsyAiGenerator.Application", "src\EtsyAiGenerator.Application\EtsyAiGenerator.Application.csproj", "{FA80177F-1F42-4FDE-8B10-C758DCAB5CD9}"
EndProject
Project("{2150E333-8FDC-42A3-9474-1A3956D46DE8}") = "tests", "tests", "{0AB3BF05-4346-4AA6-1389-037BE0695223}"
EndProject
Project("{FAE04EC0-301F-11D3-BF4B-00C04F79EFBC}") = "EtsyAiGenerator.Application.Tests", "tests\EtsyAiGenerator.Application.Tests\EtsyAiGenerator.Application.Tests.csproj", "{2C037A03-69CF-4689-8691-F844B2ACDC43}"
EndProject
Global
	GlobalSection(SolutionConfigurationPlatforms) = preSolution
		Debug|Any CPU = Debug|Any CPU
		Debug|x64 = Debug|x64
		Debug|x86 = Debug|x86
		Release|Any CPU = Release|Any CPU
		Release|x64 = Release|x64
		Release|x86 = Release|x86
	EndGlobalSection
	GlobalSection(ProjectConfigurationPlatforms) = postSolution
		{5439BFB8-6D78-F794-BF19-17451FC7D14B}.Debug|Any CPU.ActiveCfg = Debug|Any CPU
		{5439BFB8-6D78-F794-BF19-17451FC7D14B}.Debug|Any CPU.Build.0 = Debug|Any CPU
		{5439BFB8-6D78-F794-BF19-17451FC7D14B}.Debug|x64.ActiveCfg = Debug|Any CPU
		{5439BFB8-6D78-F794-BF19-17451FC7D14B}.Debug|x64.Build.0 = Debug|Any CPU
		{5439BFB8-6D78-F794-BF19-17451FC7D14B}.Debug|x86.ActiveCfg = Debug|Any CPU
		{5439BFB8-6D78-F794-BF19-17451FC7D14B}.Debug|x86.Build.0 = Debug|Any CPU
		{5439BFB8-6D78-F794-BF19-17451FC7D14B}.Release|Any CPU.ActiveCfg = Release|Any CPU
		{5439BFB8-6D78-F794-BF19-17451FC7D14B}.Release|Any CPU.Build.0 = Release|Any CPU
		{5439BFB8-6D78-F794-BF19-17451FC7D14B}.Release|x64.ActiveCfg = Release|Any CPU
		{5439BFB8-6D78-F794-BF19-17451FC7D14B}.Release|x64.Build.0 = Release|Any CPU
		{5439BFB8-6D78-F794-BF19-17451FC7D14B}.Release|x86.ActiveCfg = Release|Any CPU
		{5439BFB8-6D78-F794-BF19-17451FC7D14B}.Release|x86.Build.0 = Release|Any CPU
		{FA80177F-1F42-4FDE-8B10-C758DCAB5CD9}.Debug|Any CPU.ActiveCfg = Debug|Any CPU
		{FA80177F-1F42-4FDE-8B10-C758DCAB5CD9}.Debug|Any CPU.Build.0 = Debug|Any CPU
		{FA80177F-1F42-4FDE-8B10-C758DCAB5CD9}.Debug|x64.ActiveCfg = Debug|Any CPU
		{FA80177F-1F42-4FDE-8B10-C758DCAB5CD9}.Debug|x64.Build.0 = Debug|Any CPU
		{FA80177F-1F42-4FDE-8B10-C758DCAB5CD9}.Debug|x86.ActiveCfg = Debug|Any CPU
		{FA80177F-1F42-4FDE-8B10-C758DCAB5CD9}.Debug|x86.Build.0 = Debug|Any CPU
		{FA80177F-1F42-4FDE-8B10-C758DCAB5CD9}.Release|Any CPU.ActiveCfg = Release|Any CPU
		{FA80177F-1F42-4FDE-8B10-C758DCAB5CD9}.Release|Any CPU.Build.0 = Release|Any CPU
		{FA80177F-1F42-4FDE-8B10-C758DCAB5CD9}.Release|x64.ActiveCfg = Release|Any CPU
		{FA80177F-1F42-4FDE-8B10-C758DCAB5CD9}.Release|x64.Build.0 = Release|Any CPU
		{FA80177F-1F42-4FDE-8B10-C758DCAB5CD9}.Release|x86.ActiveCfg = Release|Any CPU
		{FA80177F-1F42-4FDE-8B10-C758DCAB5CD9}.Release|x86.Build.0 = Release|Any CPU
		{2C037A03-69CF-4689-8691-F844B2ACDC43}.Debug|Any CPU.ActiveCfg = Debug|Any CPU
		{2C037A03-69CF-4689-8691-F844B2ACDC43}.Debug|Any CPU.Build.0 = Debug|Any CPU
		{2C037A03-69CF-4689-8691-F844B2ACDC43}.Debug|x64.ActiveCfg = Debug|Any CPU
		{2C037A03-69CF-4689-8691-F844B2ACDC43}.Debug|x64.Build.0 = Debug|Any CPU
		{2C037A03-69CF-4689-8691-F844B2ACDC43}.Debug|x86.ActiveCfg = Debug|Any CPU
		{2C037A03-69CF-4689-8691-F844B2ACDC43}.Debug|x86.Build.0 = Debug|Any CPU
		{2C037A03-69CF-4689-8691-F844B2ACDC43}.Release|Any CPU.ActiveCfg = Release|Any CPU
		{2C037A03-69CF-4689-8691-F844B2ACDC43}.Release|Any CPU.Build.0 = Release|Any CPU
		{2C037A03-69CF-4689-8691-F844B2ACDC43}.Release|x64.ActiveCfg = Release|Any CPU
		{2C037A03-69CF-4689-8691-F844B2ACDC43}.Release|x64.Build.0 = Release|Any CPU
		{2C037A03-69CF-4689-8691-F844B2ACDC43}.Release|x86.ActiveCfg = Release|Any CPU
		{2C037A03-69CF-4689-8691-F844B2ACDC43}.Release|x86.Build.0 = Release|Any CPU
	EndGlobalSection
	GlobalSection(SolutionProperties) = preSolution
		HideSolutionNode = FALSE
	EndGlobalSection
	GlobalSection(NestedProjects) = preSolution
		{5439BFB8-6D78-F794-BF19-17451FC7D14B} = {827E0CD3-B72D-47B6-A68D-7590B98EB39B}
		{FA80177F-1F42-4FDE-8B10-C758DCAB5CD9} = {827E0CD3-B72D-47B6-A68D-7590B98EB39B}
		{2C037A03-69CF-4689-8691-F844B2ACDC43} = {0AB3BF05-4346-4AA6-1389-037BE0695223}
	EndGlobalSection
	GlobalSection(ExtensibilityGlobals) = postSolution
		SolutionGuid = {A3CDDB87-0B40-4A82-987B-7A8F6BE9B1C6}
	EndGlobalSection
EndGlobal
